
Microsoft Visual Studio Solution File, Format Version 12.00
# Visual Studio 2013
VisualStudioVersion = 12.0.30723.0
MinimumVisualStudioVersion = 10.0.40219.1
Project("{FAE04EC0-301F-11D3-BF4B-00C04F79EFBC}") = "DeveloperTest", "DeveloperTest\DeveloperTest.csproj", "{BCF2D7BC-544A-41E8-B3B1-D4B55314AFBC}"
EndProject
Global
	GlobalSection(SolutionConfigurationPlatforms) = preSolution
		Debug|Any CPU = Debug|Any CPU
		Release|Any CPU = Release|Any CPU
	EndGlobalSection
	GlobalSection(ProjectConfigurationPlatforms) = postSolution
		{BCF2D7BC-544A-41E8-B3B1-D4B55314AFBC}.Debug|Any CPU.ActiveCfg = Debug|Any CPU
		{BCF2D7BC-544A-41E8-B3B1-D4B55314AFBC}.Debug|Any CPU.Build.0 = Debug|Any CPU
		{BCF2D7BC-544A-41E8-B3B1-D4B55314AFBC}.Release|Any CPU.ActiveCfg = Release|Any CPU
		{BCF2D7BC-544A-41E8-B3B1-D4B55314AFBC}.Release|Any CPU.Build.0 = Release|Any CPU
	EndGlobalSection
	GlobalSection(SolutionProperties) = preSolution
		HideSolutionNode = FALSE
	EndGlobalSection
EndGlobal
